
Microsoft Visual Studio Solution File, Format Version 12.00
# Visual Studio Version 17
VisualStudioVersion = 17.0.31919.166
MinimumVisualStudioVersion = 10.0.40219.1
Project("{FAE04EC0-301F-11D3-BF4B-00C04F79EFBC}") = "EstudoMicroServices", "EstudoMicroServices\EstudoMicroServices.csproj", "{07592B47-53CB-40E1-9026-5648BAEBCC2D}"
EndProject
Global
	GlobalSection(SolutionConfigurationPlatforms) = preSolution
		Debug|Any CPU = Debug|Any CPU
		Release|Any CPU = Release|Any CPU
	EndGlobalSection
	GlobalSection(ProjectConfigurationPlatforms) = postSolution
		{07592B47-53CB-40E1-9026-5648BAEBCC2D}.Debug|Any CPU.ActiveCfg = Debug|Any CPU
		{07592B47-53CB-40E1-9026-5648BAEBCC2D}.Debug|Any CPU.Build.0 = Debug|Any CPU
		{07592B47-53CB-40E1-9026-5648BAEBCC2D}.Release|Any CPU.ActiveCfg = Release|Any CPU
		{07592B47-53CB-40E1-9026-5648BAEBCC2D}.Release|Any CPU.Build.0 = Release|Any CPU
	EndGlobalSection
	GlobalSection(SolutionProperties) = preSolution
		HideSolutionNode = FALSE
	EndGlobalSection
	GlobalSection(ExtensibilityGlobals) = postSolution
		SolutionGuid = {2A0EE7C6-FB3F-4D91-A13D-B0A15348E6EE}
	EndGlobalSection
EndGlobal
